// !$*UTF8*$!
{
	archiveVersion = 1;
	classes = {
	};
	objectVersion = 46;
	objects = {

/* Begin PBXBuildFile section */
		76F2C01F1C2865B0004D1F35 /* AppDelegate.swift in Sources */ = {isa = PBXBuildFile; fileRef = 76F2C01E1C2865B0004D1F35 /* AppDelegate.swift */; };
		76F2C0211C2865B0004D1F35 /* YellowVC.swift in Sources */ = {isa = PBXBuildFile; fileRef = 76F2C0201C2865B0004D1F35 /* YellowVC.swift */; };
		76F2C0241C2865B0004D1F35 /* Main.storyboard in Resources */ = {isa = PBXBuildFile; fileRef = 76F2C0221C2865B0004D1F35 /* Main.storyboard */; };
		76F2C0261C2865B0004D1F35 /* Assets.xcassets in Resources */ = {isa = PBXBuildFile; fileRef = 76F2C0251C2865B0004D1F35 /* Assets.xcassets */; };
		76F2C0291C2865B0004D1F35 /* LaunchScreen.storyboard in Resources */ = {isa = PBXBuildFile; fileRef = 76F2C0271C2865B0004D1F35 /* LaunchScreen.storyboard */; };
		76F2C0331C2866AB004D1F35 /* BlueVC.swift in Sources */ = {isa = PBXBuildFile; fileRef = 76F2C0321C2866AB004D1F35 /* BlueVC.swift */; settings = {ASSET_TAGS = (); }; };
		76F2C0351C2866BA004D1F35 /* RedVC.swift in Sources */ = {isa = PBXBuildFile; fileRef = 76F2C0341C2866BA004D1F35 /* RedVC.swift */; settings = {ASSET_TAGS = (); }; };
/* End PBXBuildFile section */

/* Begin PBXFileReference section */
		76F2C01B1C2865B0004D1F35 /* practiceViewController.app */ = {isa = PBXFileReference; explicitFileType = wrapper.application; includeInIndex = 0; path = practiceViewController.app; sourceTree = BUILT_PRODUCTS_DIR; };
		76F2C01E1C2865B0004D1F35 /* AppDelegate.swift */ = {isa = PBXFileReference; lastKnownFileType = sourcecode.swift; path = AppDelegate.swift; sourceTree = "<group>"; };
		76F2C0201C2865B0004D1F35 /* YellowVC.swift */ = {isa = PBXFileReference; lastKnownFileType = sourcecode.swift; path = YellowVC.swift; sourceTree = "<group>"; };
		76F2C0231C2865B0004D1F35 /* Base */ = {isa = PBXFileReference; lastKnownFileType = file.storyboard; name = Base; path = Base.lproj/Main.storyboard; sourceTree = "<group>"; };
		76F2C0251C2865B0004D1F35 /* Assets.xcassets */ = {isa = PBXFileReference; lastKnownFileType = folder.assetcatalog; path = Assets.xcassets; sourceTree = "<group>"; };
		76F2C0281C2865B0004D1F35 /* Base */ = {isa = PBXFileReference; lastKnownFileType = file.storyboard; name = Base; path = Base.lproj/LaunchScreen.storyboard; sourceTree = "<group>"; };
		76F2C02A1C2865B0004D1F35 /* Info.plist */ = {isa = PBXFileReference; lastKnownFileType = text.plist.xml; path = Info.plist; sourceTree = "<group>"; };
		76F2C0321C2866AB004D1F35 /* BlueVC.swift */ = {isa = PBXFileReference; fileEncoding = 4; lastKnownFileType = sourcecode.swift; path = BlueVC.swift; sourceTree = "<group>"; };
		76F2C0341C2866BA004D1F35 /* RedVC.swift */ = {isa = PBXFileReference; fileEncoding = 4; lastKnownFileType = sourcecode.swift; path = RedVC.swift; sourceTree = "<group>"; };
/* End PBXFileReference section */

/* Begin PBXFrameworksBuildPhase section */
		76F2C0181C2865B0004D1F35 /* Frameworks */ = {
			isa = PBXFrameworksBuildPhase;
			buildActionMask = 2147483647;
			files = (
			);
			runOnlyForDeploymentPostprocessing = 0;
		};
/* End PBXFrameworksBuildPhase section */

/* Begin PBXGroup section */
		76F2C0121C2865B0004D1F35 = {
			isa = PBXGroup;
			children = (
				76F2C01D1C2865B0004D1F35 /* practiceViewController */,
				76F2C01C1C2865B0004D1F35 /* Products */,
			);
			sourceTree = "<group>";
		};
		76F2C01C1C2865B0004D1F35 /* Products */ = {
			isa = PBXGroup;
			children = (
				76F2C01B1C2865B0004D1F35 /* practiceViewController.app */,
			);
			name = Products;
			sourceTree = "<group>";
		};
		76F2C01D1C2865B0004D1F35 /* practiceViewController */ = {
			isa = PBXGroup;
			children = (
				76F2C0381C2866E6004D1F35 /* Controller */,
				76F2C0371C2866DC004D1F35 /* View */,
				76F2C0361C2866CA004D1F35 /* Model */,
				76F2C01E1C2865B0004D1F35 /* AppDelegate.swift */,
				76F2C0221C2865B0004D1F35 /* Main.storyboard */,
				76F2C0251C2865B0004D1F35 /* Assets.xcassets */,
				76F2C0271C2865B0004D1F35 /* LaunchScreen.storyboard */,
				76F2C02A1C2865B0004D1F35 /* Info.plist */,
			);
			path = practiceViewController;
			sourceTree = "<group>";
		};
		76F2C0361C2866CA004D1F35 /* Model */ = {
			isa = PBXGroup;
			children = (
			);
			name = Model;
			sourceTree = "<group>";
		};
		76F2C0371C2866DC004D1F35 /* View */ = {
			isa = PBXGroup;
			children = (
			);
			name = View;
			sourceTree = "<group>";
		};
		76F2C0381C2866E6004D1F35 /* Controller */ = {
			isa = PBXGroup;
			children = (
				76F2C0341C2866BA004D1F35 /* RedVC.swift */,
				76F2C0321C2866AB004D1F35 /* BlueVC.swift */,
				76F2C0201C2865B0004D1F35 /* YellowVC.swift */,
			);
			name = Controller;
			sourceTree = "<group>";
		};
/* End PBXGroup section */

/* Begin PBXNativeTarget section */
		76F2C01A1C2865B0004D1F35 /* practiceViewController */ = {
			isa = PBXNativeTarget;
			buildConfigurationList = 76F2C02D1C2865B0004D1F35 /* Build configuration list for PBXNativeTarget "practiceViewController" */;
			buildPhases = (
				76F2C0171C2865B0004D1F35 /* Sources */,
				76F2C0181C2865B0004D1F35 /* Frameworks */,
				76F2C0191C2865B0004D1F35 /* Resources */,
			);
			buildRules = (
			);
			dependencies = (
			);
			name = practiceViewController;
			productName = practiceViewController;
			productReference = 76F2C01B1C2865B0004D1F35 /* practiceViewController.app */;
			productType = "com.apple.product-type.application";
		};
/* End PBXNativeTarget section */

/* Begin PBXProject section */
		76F2C0131C2865B0004D1F35 /* Project object */ = {
			isa = PBXProject;
			attributes = {
				LastUpgradeCheck = 0700;
				ORGANIZATIONNAME = "Vu Dang";
				TargetAttributes = {
					76F2C01A1C2865B0004D1F35 = {
						CreatedOnToolsVersion = 7.0;
					};
				};
			};
			buildConfigurationList = 76F2C0161C2865B0004D1F35 /* Build configuration list for PBXProject "practiceViewController" */;
			compatibilityVersion = "Xcode 3.2";
			developmentRegion = English;
			hasScannedForEncodings = 0;
			knownRegions = (
				en,
				Base,
			);
			mainGroup = 76F2C0121C2865B0004D1F35;
			productRefGroup = 76F2C01C1C2865B0004D1F35 /* Products */;
			projectDirPath = "";
			projectRoot = "";
			targets = (
				76F2C01A1C2865B0004D1F35 /* practiceViewController */,
			);
		};
/* End PBXProject section */

/* Begin PBXResourcesBuildPhase section */
		76F2C0191C2865B0004D1F35 /* Resources */ = {
			isa = PBXResourcesBuildPhase;
			buildActionMask = 2147483647;
			files = (
				76F2C0291C2865B0004D1F35 /* LaunchScreen.storyboard in Resources */,
				76F2C0261C2865B0004D1F35 /* Assets.xcassets in Resources */,
				76F2C0241C2865B0004D1F35 /* Main.storyboard in Resources */,
			);
			runOnlyForDeploymentPostprocessing = 0;
		};
/* End PBXResourcesBuildPhase section */

/* Begin PBXSourcesBuildPhase section */
		76F2C0171C2865B0004D1F35 /* Sources */ = {
			isa = PBXSourcesBuildPhase;
			buildActionMask = 2147483647;
			files = (
				76F2C0211C2865B0004D1F35 /* YellowVC.swift in Sources */,
				76F2C01F1C2865B0004D1F35 /* AppDelegate.swift in Sources */,
				76F2C0351C2866BA004D1F35 /* RedVC.swift in Sources */,
				76F2C0331C2866AB004D1F35 /* BlueVC.swift in Sources */,
			);
			runOnlyForDeploymentPostprocessing = 0;
		};
/* End PBXSourcesBuildPhase section */

/* Begin PBXVariantGroup section */
		76F2C0221C2865B0004D1F35 /* Main.storyboard */ = {
			isa = PBXVariantGroup;
			children = (
				76F2C0231C2865B0004D1F35 /* Base */,
			);
			name = Main.storyboard;
			sourceTree = "<group>";
		};
		76F2C0271C2865B0004D1F35 /* LaunchScreen.storyboard */ = {
			isa = PBXVariantGroup;
			children = (
				76F2C0281C2865B0004D1F35 /* Base */,
			);
			name = LaunchScreen.storyboard;
			sourceTree = "<group>";
		};
/* End PBXVariantGroup section */

/* Begin XCBuildConfiguration section */
		76F2C02B1C2865B0004D1F35 /* Debug */ = {
			isa = XCBuildConfiguration;
			buildSettings = {
				ALWAYS_SEARCH_USER_PATHS = NO;
				CLANG_CXX_LANGUAGE_STANDARD = "gnu++0x";
				CLANG_CXX_LIBRARY = "libc++";
				CLANG_ENABLE_MODULES = YES;
				CLANG_ENABLE_OBJC_ARC = YES;
				CLANG_WARN_BOOL_CONVERSION = YES;
				CLANG_WARN_CONSTANT_CONVERSION = YES;
				CLANG_WARN_DIRECT_OBJC_ISA_USAGE = YES_ERROR;
				CLANG_WARN_EMPTY_BODY = YES;
				CLANG_WARN_ENUM_CONVERSION = YES;
				CLANG_WARN_INT_CONVERSION = YES;
				CLANG_WARN_OBJC_ROOT_CLASS = YES_ERROR;
				CLANG_WARN_UNREACHABLE_CODE = YES;
				CLANG_WARN__DUPLICATE_METHOD_MATCH = YES;
				"CODE_SIGN_IDENTITY[sdk=iphoneos*]" = "iPhone Developer";
				COPY_PHASE_STRIP = NO;
				DEBUG_INFORMATION_FORMAT = dwarf;
				ENABLE_STRICT_OBJC_MSGSEND = YES;
				ENABLE_TESTABILITY = YES;
				GCC_C_LANGUAGE_STANDARD = gnu99;
				GCC_DYNAMIC_NO_PIC = NO;
				GCC_NO_COMMON_BLOCKS = YES;
				GCC_OPTIMIZATION_LEVEL = 0;
				GCC_PREPROCESSOR_DEFINITIONS = (
					"DEBUG=1",
					"$(inherited)",
				);
				GCC_WARN_64_TO_32_BIT_CONVERSION = YES;
				GCC_WARN_ABOUT_RETURN_TYPE = YES_ERROR;
				GCC_WARN_UNDECLARED_SELECTOR = YES;
				GCC_WARN_UNINITIALIZED_AUTOS = YES_AGGRESSIVE;
				GCC_WARN_UNUSED_FUNCTION = YES;
				GCC_WARN_UNUSED_VARIABLE = YES;
				IPHONEOS_DEPLOYMENT_TARGET = 9.0;
				MTL_ENABLE_DEBUG_INFO = YES;
				ONLY_ACTIVE_ARCH = YES;
				SDKROOT = iphoneos;
				SWIFT_OPTIMIZATION_LEVEL = "-Onone";
				TARGETED_DEVICE_FAMILY = "1,2";
			};
			name = Debug;
		};
		76F2C02C1C2865B0004D1F35 /* Release */ = {
			isa = XCBuildConfiguration;
			buildSettings = {
				ALWAYS_SEARCH_USER_PATHS = NO;
				CLANG_CXX_LANGUAGE_STANDARD = "gnu++0x";
				CLANG_CXX_LIBRARY = "libc++";
				CLANG_ENABLE_MODULES = YES;
				CLANG_ENABLE_OBJC_ARC = YES;
				CLANG_WARN_BOOL_CONVERSION = YES;
				CLANG_WARN_CONSTANT_CONVERSION = YES;
				CLANG_WARN_DIRECT_OBJC_ISA_USAGE = YES_ERROR;
				CLANG_WARN_EMPTY_BODY = YES;
				CLANG_WARN_ENUM_CONVERSION = YES;
				CLANG_WARN_INT_CONVERSION = YES;
				CLANG_WARN_OBJC_ROOT_CLASS = YES_ERROR;
				CLANG_WARN_UNREACHABLE_CODE = YES;
				CLANG_WARN__DUPLICATE_METHOD_MATCH = YES;
				"CODE_SIGN_IDENTITY[sdk=iphoneos*]" = "iPhone Developer";
				COPY_PHASE_STRIP = NO;
				DEBUG_INFORMATION_FORMAT = "dwarf-with-dsym";
				ENABLE_NS_ASSERTIONS = NO;
				ENABLE_STRICT_OBJC_MSGSEND = YES;
				GCC_C_LANGUAGE_STANDARD = gnu99;
				GCC_NO_COMMON_BLOCKS = YES;
				GCC_WARN_64_TO_32_BIT_CONVERSION = YES;
				GCC_WARN_ABOUT_RETURN_TYPE = YES_ERROR;
				GCC_WARN_UNDECLARED_SELECTOR = YES;
				GCC_WARN_UNINITIALIZED_AUTOS = YES_AGGRESSIVE;
				GCC_WARN_UNUSED_FUNCTION = YES;
				GCC_WARN_UNUSED_VARIABLE = YES;
				IPHONEOS_DEPLOYMENT_TARGET = 9.0;
				MTL_ENABLE_DEBUG_INFO = NO;
				SDKROOT = iphoneos;
				TARGETED_DEVICE_FAMILY = "1,2";
				VALIDATE_PRODUCT = YES;
			};
			name = Release;
		};
		76F2C02E1C2865B0004D1F35 /* Debug */ = {
			isa = XCBuildConfiguration;
			buildSettings = {
				ASSETCATALOG_COMPILER_APPICON_NAME = AppIcon;
				INFOPLIST_FILE = practiceViewController/Info.plist;
				LD_RUNPATH_SEARCH_PATHS = "$(inherited) @executable_path/Frameworks";
				PRODUCT_BUNDLE_IDENTIFIER = neomadgic.practiceViewController;
				PRODUCT_NAME = "$(TARGET_NAME)";
			};
			name = Debug;
		};
		76F2C02F1C2865B0004D1F35 /* Release */ = {
			isa = XCBuildConfiguration;
			buildSettings = {
				ASSETCATALOG_COMPILER_APPICON_NAME = AppIcon;
				INFOPLIST_FILE = practiceViewController/Info.plist;
				LD_RUNPATH_SEARCH_PATHS = "$(inherited) @executable_path/Frameworks";
				PRODUCT_BUNDLE_IDENTIFIER = neomadgic.practiceViewController;
				PRODUCT_NAME = "$(TARGET_NAME)";
			};
			name = Release;
		};
/* End XCBuildConfiguration section */

/* Begin XCConfigurationList section */
		76F2C0161C2865B0004D1F35 /* Build configuration list for PBXProject "practiceViewController" */ = {
			isa = XCConfigurationList;
			buildConfigurations = (
				76F2C02B1C2865B0004D1F35 /* Debug */,
				76F2C02C1C2865B0004D1F35 /* Release */,
			);
			defaultConfigurationIsVisible = 0;
			defaultConfigurationName = Release;
		};
		76F2C02D1C2865B0004D1F35 /* Build configuration list for PBXNativeTarget "practiceViewController" */ = {
			isa = XCConfigurationList;
			buildConfigurations = (
				76F2C02E1C2865B0004D1F35 /* Debug */,
				76F2C02F1C2865B0004D1F35 /* Release */,
			);
			defaultConfigurationIsVisible = 0;
		};
/* End XCConfigurationList section */
	};
	rootObject = 76F2C0131C2865B0004D1F35 /* Project object */;
}
